{
  "name": "destiny",
  "version": "0.0.0",
  "lockfileVersion": 1,
  "requires": true,
  "dependencies": {
    "typescript": {
      "version": "3.9.1-rc",
      "resolved": "https://registry.npmjs.org/typescript/-/typescript-3.9.1-rc.tgz",
      "integrity": "sha512-+cPv8L2Vd4KidCotqi2wjegBZ5n47CDRUu/QiLVu2YbeXAz78hIfcai9ziBiNI6JTGTVwUqXRug2UZxDcxhvFw=="
    }
  }
}
