{
  "name": "destiny",
  "version": "0.0.0",
  "lockfileVersion": 1,
  "requires": true,
  "dependencies": {
    "typescript": {
      "version": "3.9.0-dev.20200412",
      "resolved": "https://registry.npmjs.org/typescript/-/typescript-3.9.0-dev.20200412.tgz",
      "integrity": "sha512-4K27InUZMxKsucQRDJdPhq2eODtNQBj6HLBEdTHD+Mh9O/NJA2FtVG64ErTlKA5VA3tX/CkxNffZ41+reok7nA=="
    }
  }
}
